
Microsoft Visual Studio Solution File, Format Version 11.00
# Visual Studio 2010
Project("{FAE04EC0-301F-11D3-BF4B-00C04F79EFBC}") = "ExceptionHandling.Droid", "ExceptionHandling.Droid\ExceptionHandling.Droid.csproj", "{62E4F1CC-0EFA-49D3-9473-4223D09B06DB}"
EndProject
Project("{FAE04EC0-301F-11D3-BF4B-00C04F79EFBC}") = "ExceptionHandling.iOS", "ExceptionHandling.iOS\ExceptionHandling.iOS.csproj", "{D2020640-530D-479E-97AC-D0D6DB14F304}"
EndProject
Global
	GlobalSection(SolutionConfigurationPlatforms) = preSolution
		Debug|Any CPU = Debug|Any CPU
		Release|Any CPU = Release|Any CPU
		Debug|iPhoneSimulator = Debug|iPhoneSimulator
		Release|iPhoneSimulator = Release|iPhoneSimulator
		Debug|iPhone = Debug|iPhone
		Release|iPhone = Release|iPhone
		Ad-Hoc|iPhone = Ad-Hoc|iPhone
		AppStore|iPhone = AppStore|iPhone
	EndGlobalSection
	GlobalSection(ProjectConfigurationPlatforms) = postSolution
		{62E4F1CC-0EFA-49D3-9473-4223D09B06DB}.Ad-Hoc|iPhone.ActiveCfg = Debug|Any CPU
		{62E4F1CC-0EFA-49D3-9473-4223D09B06DB}.Ad-Hoc|iPhone.Build.0 = Debug|Any CPU
		{62E4F1CC-0EFA-49D3-9473-4223D09B06DB}.AppStore|iPhone.ActiveCfg = Debug|Any CPU
		{62E4F1CC-0EFA-49D3-9473-4223D09B06DB}.AppStore|iPhone.Build.0 = Debug|Any CPU
		{62E4F1CC-0EFA-49D3-9473-4223D09B06DB}.Debug|Any CPU.ActiveCfg = Debug|Any CPU
		{62E4F1CC-0EFA-49D3-9473-4223D09B06DB}.Debug|Any CPU.Build.0 = Debug|Any CPU
		{62E4F1CC-0EFA-49D3-9473-4223D09B06DB}.Debug|iPhone.ActiveCfg = Debug|Any CPU
		{62E4F1CC-0EFA-49D3-9473-4223D09B06DB}.Debug|iPhone.Build.0 = Debug|Any CPU
		{62E4F1CC-0EFA-49D3-9473-4223D09B06DB}.Debug|iPhoneSimulator.ActiveCfg = Debug|Any CPU
		{62E4F1CC-0EFA-49D3-9473-4223D09B06DB}.Debug|iPhoneSimulator.Build.0 = Debug|Any CPU
		{62E4F1CC-0EFA-49D3-9473-4223D09B06DB}.Release|Any CPU.ActiveCfg = Release|Any CPU
		{62E4F1CC-0EFA-49D3-9473-4223D09B06DB}.Release|Any CPU.Build.0 = Release|Any CPU
		{62E4F1CC-0EFA-49D3-9473-4223D09B06DB}.Release|iPhone.ActiveCfg = Release|Any CPU
		{62E4F1CC-0EFA-49D3-9473-4223D09B06DB}.Release|iPhone.Build.0 = Release|Any CPU
		{62E4F1CC-0EFA-49D3-9473-4223D09B06DB}.Release|iPhoneSimulator.ActiveCfg = Release|Any CPU
		{62E4F1CC-0EFA-49D3-9473-4223D09B06DB}.Release|iPhoneSimulator.Build.0 = Release|Any CPU
		{D2020640-530D-479E-97AC-D0D6DB14F304}.Ad-Hoc|iPhone.ActiveCfg = Ad-Hoc|iPhone
		{D2020640-530D-479E-97AC-D0D6DB14F304}.Ad-Hoc|iPhone.Build.0 = Ad-Hoc|iPhone
		{D2020640-530D-479E-97AC-D0D6DB14F304}.AppStore|iPhone.ActiveCfg = AppStore|iPhone
		{D2020640-530D-479E-97AC-D0D6DB14F304}.AppStore|iPhone.Build.0 = AppStore|iPhone
		{D2020640-530D-479E-97AC-D0D6DB14F304}.Debug|Any CPU.ActiveCfg = Debug|iPhoneSimulator
		{D2020640-530D-479E-97AC-D0D6DB14F304}.Debug|Any CPU.Build.0 = Debug|iPhoneSimulator
		{D2020640-530D-479E-97AC-D0D6DB14F304}.Debug|iPhone.ActiveCfg = Debug|iPhone
		{D2020640-530D-479E-97AC-D0D6DB14F304}.Debug|iPhone.Build.0 = Debug|iPhone
		{D2020640-530D-479E-97AC-D0D6DB14F304}.Debug|iPhoneSimulator.ActiveCfg = Debug|iPhoneSimulator
		{D2020640-530D-479E-97AC-D0D6DB14F304}.Debug|iPhoneSimulator.Build.0 = Debug|iPhoneSimulator
		{D2020640-530D-479E-97AC-D0D6DB14F304}.Release|Any CPU.ActiveCfg = Release|iPhoneSimulator
		{D2020640-530D-479E-97AC-D0D6DB14F304}.Release|Any CPU.Build.0 = Release|iPhoneSimulator
		{D2020640-530D-479E-97AC-D0D6DB14F304}.Release|iPhone.ActiveCfg = Release|iPhone
		{D2020640-530D-479E-97AC-D0D6DB14F304}.Release|iPhone.Build.0 = Release|iPhone
		{D2020640-530D-479E-97AC-D0D6DB14F304}.Release|iPhoneSimulator.ActiveCfg = Release|iPhoneSimulator
		{D2020640-530D-479E-97AC-D0D6DB14F304}.Release|iPhoneSimulator.Build.0 = Release|iPhoneSimulator
	EndGlobalSection
	GlobalSection(MonoDevelopProperties) = preSolution
		StartupItem = ExceptionHandling.iOS\ExceptionHandling.iOS.csproj
	EndGlobalSection
EndGlobal
