
Microsoft Visual Studio Solution File, Format Version 12.00
# Visual Studio 2012
Project("{FAE04EC0-301F-11D3-BF4B-00C04F79EFBC}") = "Groceries.Droid", "Groceries.Droid\Groceries.Droid.csproj", "{70E8B392-9CCF-4592-A0A6-BB0A56A67E75}"
EndProject
Project("{FAE04EC0-301F-11D3-BF4B-00C04F79EFBC}") = "Groceries.iOS", "Groceries.iOS\Groceries.iOS.csproj", "{13B3437D-8B5F-4715-9F96-BFA8D5D83A73}"
EndProject
Project("{2150E333-8FDC-42A3-9474-1A3956D46DE8}") = "Core", "Core", "{1EEF83FF-841C-4787-ABBB-78B7B7557AC6}"
EndProject
Project("{FAE04EC0-301F-11D3-BF4B-00C04F79EFBC}") = "Groceries.Core", "Groceries.Core\Groceries.Core.csproj", "{5C8D947E-9E47-45F6-835B-8D8DACDD3BFE}"
EndProject
Project("{FAE04EC0-301F-11D3-BF4B-00C04F79EFBC}") = "Groceries.Core.iOS", "Groceries.Core\Groceries.Core.iOS.csproj", "{6F9F5054-977F-45FF-9878-4D005B0003C7}"
EndProject
Project("{FAE04EC0-301F-11D3-BF4B-00C04F79EFBC}") = "Groceries.Core.Droid", "Groceries.Core\Groceries.Core.Droid.csproj", "{E4FD0483-389C-4E2C-9488-BB3FBBC500A4}"
EndProject
Global
	GlobalSection(SolutionConfigurationPlatforms) = preSolution
		Ad-Hoc|Any CPU = Ad-Hoc|Any CPU
		Ad-Hoc|ARM = Ad-Hoc|ARM
		Ad-Hoc|iPhone = Ad-Hoc|iPhone
		Ad-Hoc|iPhoneSimulator = Ad-Hoc|iPhoneSimulator
		Ad-Hoc|Mixed Platforms = Ad-Hoc|Mixed Platforms
		Ad-Hoc|x64 = Ad-Hoc|x64
		Ad-Hoc|x86 = Ad-Hoc|x86
		AppStore|Any CPU = AppStore|Any CPU
		AppStore|ARM = AppStore|ARM
		AppStore|iPhone = AppStore|iPhone
		AppStore|iPhoneSimulator = AppStore|iPhoneSimulator
		AppStore|Mixed Platforms = AppStore|Mixed Platforms
		AppStore|x64 = AppStore|x64
		AppStore|x86 = AppStore|x86
		Debug|Any CPU = Debug|Any CPU
		Debug|ARM = Debug|ARM
		Debug|iPhone = Debug|iPhone
		Debug|iPhoneSimulator = Debug|iPhoneSimulator
		Debug|Mixed Platforms = Debug|Mixed Platforms
		Debug|x64 = Debug|x64
		Debug|x86 = Debug|x86
		Release|Any CPU = Release|Any CPU
		Release|ARM = Release|ARM
		Release|iPhone = Release|iPhone
		Release|iPhoneSimulator = Release|iPhoneSimulator
		Release|Mixed Platforms = Release|Mixed Platforms
		Release|x64 = Release|x64
		Release|x86 = Release|x86
	EndGlobalSection
	GlobalSection(ProjectConfigurationPlatforms) = postSolution
		{13B3437D-8B5F-4715-9F96-BFA8D5D83A73}.Ad-Hoc|Any CPU.ActiveCfg = Ad-Hoc|iPhone
		{13B3437D-8B5F-4715-9F96-BFA8D5D83A73}.Ad-Hoc|Any CPU.Build.0 = Ad-Hoc|iPhone
		{13B3437D-8B5F-4715-9F96-BFA8D5D83A73}.Ad-Hoc|ARM.ActiveCfg = Ad-Hoc|iPhoneSimulator
		{13B3437D-8B5F-4715-9F96-BFA8D5D83A73}.Ad-Hoc|iPhone.ActiveCfg = Ad-Hoc|iPhone
		{13B3437D-8B5F-4715-9F96-BFA8D5D83A73}.Ad-Hoc|iPhone.Build.0 = Ad-Hoc|iPhone
		{13B3437D-8B5F-4715-9F96-BFA8D5D83A73}.Ad-Hoc|iPhoneSimulator.ActiveCfg = Debug|iPhoneSimulator
		{13B3437D-8B5F-4715-9F96-BFA8D5D83A73}.Ad-Hoc|iPhoneSimulator.Build.0 = Debug|iPhoneSimulator
		{13B3437D-8B5F-4715-9F96-BFA8D5D83A73}.Ad-Hoc|Mixed Platforms.ActiveCfg = Ad-Hoc|iPhoneSimulator
		{13B3437D-8B5F-4715-9F96-BFA8D5D83A73}.Ad-Hoc|Mixed Platforms.Build.0 = Ad-Hoc|iPhoneSimulator
		{13B3437D-8B5F-4715-9F96-BFA8D5D83A73}.Ad-Hoc|Mixed Platforms.Deploy.0 = Ad-Hoc|iPhoneSimulator
		{13B3437D-8B5F-4715-9F96-BFA8D5D83A73}.Ad-Hoc|x64.ActiveCfg = Ad-Hoc|iPhoneSimulator
		{13B3437D-8B5F-4715-9F96-BFA8D5D83A73}.Ad-Hoc|x86.ActiveCfg = Ad-Hoc|iPhoneSimulator
		{13B3437D-8B5F-4715-9F96-BFA8D5D83A73}.AppStore|Any CPU.ActiveCfg = AppStore|iPhone
		{13B3437D-8B5F-4715-9F96-BFA8D5D83A73}.AppStore|Any CPU.Build.0 = AppStore|iPhone
		{13B3437D-8B5F-4715-9F96-BFA8D5D83A73}.AppStore|ARM.ActiveCfg = AppStore|iPhoneSimulator
		{13B3437D-8B5F-4715-9F96-BFA8D5D83A73}.AppStore|iPhone.ActiveCfg = AppStore|iPhone
		{13B3437D-8B5F-4715-9F96-BFA8D5D83A73}.AppStore|iPhone.Build.0 = AppStore|iPhone
		{13B3437D-8B5F-4715-9F96-BFA8D5D83A73}.AppStore|iPhoneSimulator.ActiveCfg = Debug|iPhoneSimulator
		{13B3437D-8B5F-4715-9F96-BFA8D5D83A73}.AppStore|iPhoneSimulator.Build.0 = Debug|iPhoneSimulator
		{13B3437D-8B5F-4715-9F96-BFA8D5D83A73}.AppStore|Mixed Platforms.ActiveCfg = AppStore|iPhoneSimulator
		{13B3437D-8B5F-4715-9F96-BFA8D5D83A73}.AppStore|Mixed Platforms.Build.0 = AppStore|iPhoneSimulator
		{13B3437D-8B5F-4715-9F96-BFA8D5D83A73}.AppStore|Mixed Platforms.Deploy.0 = AppStore|iPhoneSimulator
		{13B3437D-8B5F-4715-9F96-BFA8D5D83A73}.AppStore|x64.ActiveCfg = AppStore|iPhoneSimulator
		{13B3437D-8B5F-4715-9F96-BFA8D5D83A73}.AppStore|x86.ActiveCfg = AppStore|iPhoneSimulator
		{13B3437D-8B5F-4715-9F96-BFA8D5D83A73}.Debug|Any CPU.ActiveCfg = Debug|iPhoneSimulator
		{13B3437D-8B5F-4715-9F96-BFA8D5D83A73}.Debug|Any CPU.Build.0 = Debug|iPhoneSimulator
		{13B3437D-8B5F-4715-9F96-BFA8D5D83A73}.Debug|ARM.ActiveCfg = Debug|iPhone
		{13B3437D-8B5F-4715-9F96-BFA8D5D83A73}.Debug|iPhone.ActiveCfg = Debug|iPhone
		{13B3437D-8B5F-4715-9F96-BFA8D5D83A73}.Debug|iPhone.Build.0 = Debug|iPhone
		{13B3437D-8B5F-4715-9F96-BFA8D5D83A73}.Debug|iPhoneSimulator.ActiveCfg = Debug|iPhoneSimulator
		{13B3437D-8B5F-4715-9F96-BFA8D5D83A73}.Debug|iPhoneSimulator.Build.0 = Debug|iPhoneSimulator
		{13B3437D-8B5F-4715-9F96-BFA8D5D83A73}.Debug|Mixed Platforms.ActiveCfg = Debug|iPhone
		{13B3437D-8B5F-4715-9F96-BFA8D5D83A73}.Debug|Mixed Platforms.Build.0 = Debug|iPhone
		{13B3437D-8B5F-4715-9F96-BFA8D5D83A73}.Debug|Mixed Platforms.Deploy.0 = Debug|iPhone
		{13B3437D-8B5F-4715-9F96-BFA8D5D83A73}.Debug|x64.ActiveCfg = Debug|iPhone
		{13B3437D-8B5F-4715-9F96-BFA8D5D83A73}.Debug|x86.ActiveCfg = Debug|iPhone
		{13B3437D-8B5F-4715-9F96-BFA8D5D83A73}.Release|Any CPU.ActiveCfg = Release|iPhoneSimulator
		{13B3437D-8B5F-4715-9F96-BFA8D5D83A73}.Release|Any CPU.Build.0 = Release|iPhoneSimulator
		{13B3437D-8B5F-4715-9F96-BFA8D5D83A73}.Release|ARM.ActiveCfg = Release|iPhone
		{13B3437D-8B5F-4715-9F96-BFA8D5D83A73}.Release|iPhone.ActiveCfg = Release|iPhone
		{13B3437D-8B5F-4715-9F96-BFA8D5D83A73}.Release|iPhone.Build.0 = Release|iPhone
		{13B3437D-8B5F-4715-9F96-BFA8D5D83A73}.Release|iPhoneSimulator.ActiveCfg = Release|iPhoneSimulator
		{13B3437D-8B5F-4715-9F96-BFA8D5D83A73}.Release|iPhoneSimulator.Build.0 = Release|iPhoneSimulator
		{13B3437D-8B5F-4715-9F96-BFA8D5D83A73}.Release|Mixed Platforms.ActiveCfg = Release|iPhone
		{13B3437D-8B5F-4715-9F96-BFA8D5D83A73}.Release|Mixed Platforms.Build.0 = Release|iPhone
		{13B3437D-8B5F-4715-9F96-BFA8D5D83A73}.Release|Mixed Platforms.Deploy.0 = Release|iPhone
		{13B3437D-8B5F-4715-9F96-BFA8D5D83A73}.Release|x64.ActiveCfg = Release|iPhone
		{13B3437D-8B5F-4715-9F96-BFA8D5D83A73}.Release|x86.ActiveCfg = Release|iPhone
		{5C8D947E-9E47-45F6-835B-8D8DACDD3BFE}.Ad-Hoc|Any CPU.ActiveCfg = Release|Any CPU
		{5C8D947E-9E47-45F6-835B-8D8DACDD3BFE}.Ad-Hoc|Any CPU.Build.0 = Release|Any CPU
		{5C8D947E-9E47-45F6-835B-8D8DACDD3BFE}.Ad-Hoc|ARM.ActiveCfg = Debug|Any CPU
		{5C8D947E-9E47-45F6-835B-8D8DACDD3BFE}.Ad-Hoc|iPhone.ActiveCfg = Release|Any CPU
		{5C8D947E-9E47-45F6-835B-8D8DACDD3BFE}.Ad-Hoc|iPhone.Build.0 = Release|Any CPU
		{5C8D947E-9E47-45F6-835B-8D8DACDD3BFE}.Ad-Hoc|iPhoneSimulator.ActiveCfg = Debug|Any CPU
		{5C8D947E-9E47-45F6-835B-8D8DACDD3BFE}.Ad-Hoc|iPhoneSimulator.Build.0 = Debug|Any CPU
		{5C8D947E-9E47-45F6-835B-8D8DACDD3BFE}.Ad-Hoc|Mixed Platforms.ActiveCfg = Debug|Any CPU
		{5C8D947E-9E47-45F6-835B-8D8DACDD3BFE}.Ad-Hoc|Mixed Platforms.Build.0 = Debug|Any CPU
		{5C8D947E-9E47-45F6-835B-8D8DACDD3BFE}.Ad-Hoc|x64.ActiveCfg = Debug|Any CPU
		{5C8D947E-9E47-45F6-835B-8D8DACDD3BFE}.Ad-Hoc|x86.ActiveCfg = Debug|Any CPU
		{5C8D947E-9E47-45F6-835B-8D8DACDD3BFE}.AppStore|Any CPU.ActiveCfg = Release|Any CPU
		{5C8D947E-9E47-45F6-835B-8D8DACDD3BFE}.AppStore|Any CPU.Build.0 = Release|Any CPU
		{5C8D947E-9E47-45F6-835B-8D8DACDD3BFE}.AppStore|ARM.ActiveCfg = Debug|Any CPU
		{5C8D947E-9E47-45F6-835B-8D8DACDD3BFE}.AppStore|iPhone.ActiveCfg = Release|Any CPU
		{5C8D947E-9E47-45F6-835B-8D8DACDD3BFE}.AppStore|iPhone.Build.0 = Release|Any CPU
		{5C8D947E-9E47-45F6-835B-8D8DACDD3BFE}.AppStore|iPhoneSimulator.ActiveCfg = Debug|Any CPU
		{5C8D947E-9E47-45F6-835B-8D8DACDD3BFE}.AppStore|iPhoneSimulator.Build.0 = Debug|Any CPU
		{5C8D947E-9E47-45F6-835B-8D8DACDD3BFE}.AppStore|Mixed Platforms.ActiveCfg = Debug|Any CPU
		{5C8D947E-9E47-45F6-835B-8D8DACDD3BFE}.AppStore|Mixed Platforms.Build.0 = Debug|Any CPU
		{5C8D947E-9E47-45F6-835B-8D8DACDD3BFE}.AppStore|x64.ActiveCfg = Debug|Any CPU
		{5C8D947E-9E47-45F6-835B-8D8DACDD3BFE}.AppStore|x86.ActiveCfg = Debug|Any CPU
		{5C8D947E-9E47-45F6-835B-8D8DACDD3BFE}.Debug|Any CPU.ActiveCfg = Debug|Any CPU
		{5C8D947E-9E47-45F6-835B-8D8DACDD3BFE}.Debug|Any CPU.Build.0 = Debug|Any CPU
		{5C8D947E-9E47-45F6-835B-8D8DACDD3BFE}.Debug|ARM.ActiveCfg = Debug|Any CPU
		{5C8D947E-9E47-45F6-835B-8D8DACDD3BFE}.Debug|iPhone.ActiveCfg = Debug|Any CPU
		{5C8D947E-9E47-45F6-835B-8D8DACDD3BFE}.Debug|iPhone.Build.0 = Debug|Any CPU
		{5C8D947E-9E47-45F6-835B-8D8DACDD3BFE}.Debug|iPhoneSimulator.ActiveCfg = Debug|Any CPU
		{5C8D947E-9E47-45F6-835B-8D8DACDD3BFE}.Debug|iPhoneSimulator.Build.0 = Debug|Any CPU
		{5C8D947E-9E47-45F6-835B-8D8DACDD3BFE}.Debug|Mixed Platforms.ActiveCfg = Debug|Any CPU
		{5C8D947E-9E47-45F6-835B-8D8DACDD3BFE}.Debug|Mixed Platforms.Build.0 = Debug|Any CPU
		{5C8D947E-9E47-45F6-835B-8D8DACDD3BFE}.Debug|x64.ActiveCfg = Debug|Any CPU
		{5C8D947E-9E47-45F6-835B-8D8DACDD3BFE}.Debug|x86.ActiveCfg = Debug|Any CPU
		{5C8D947E-9E47-45F6-835B-8D8DACDD3BFE}.Release|Any CPU.ActiveCfg = Release|Any CPU
		{5C8D947E-9E47-45F6-835B-8D8DACDD3BFE}.Release|Any CPU.Build.0 = Release|Any CPU
		{5C8D947E-9E47-45F6-835B-8D8DACDD3BFE}.Release|ARM.ActiveCfg = Release|Any CPU
		{5C8D947E-9E47-45F6-835B-8D8DACDD3BFE}.Release|iPhone.ActiveCfg = Release|Any CPU
		{5C8D947E-9E47-45F6-835B-8D8DACDD3BFE}.Release|iPhone.Build.0 = Release|Any CPU
		{5C8D947E-9E47-45F6-835B-8D8DACDD3BFE}.Release|iPhoneSimulator.ActiveCfg = Release|Any CPU
		{5C8D947E-9E47-45F6-835B-8D8DACDD3BFE}.Release|iPhoneSimulator.Build.0 = Release|Any CPU
		{5C8D947E-9E47-45F6-835B-8D8DACDD3BFE}.Release|Mixed Platforms.ActiveCfg = Release|Any CPU
		{5C8D947E-9E47-45F6-835B-8D8DACDD3BFE}.Release|Mixed Platforms.Build.0 = Release|Any CPU
		{5C8D947E-9E47-45F6-835B-8D8DACDD3BFE}.Release|x64.ActiveCfg = Release|Any CPU
		{5C8D947E-9E47-45F6-835B-8D8DACDD3BFE}.Release|x86.ActiveCfg = Release|Any CPU
		{6F9F5054-977F-45FF-9878-4D005B0003C7}.Ad-Hoc|Any CPU.ActiveCfg = Release|Any CPU
		{6F9F5054-977F-45FF-9878-4D005B0003C7}.Ad-Hoc|Any CPU.Build.0 = Release|Any CPU
		{6F9F5054-977F-45FF-9878-4D005B0003C7}.Ad-Hoc|ARM.ActiveCfg = Debug|Any CPU
		{6F9F5054-977F-45FF-9878-4D005B0003C7}.Ad-Hoc|iPhone.ActiveCfg = Debug|Any CPU
		{6F9F5054-977F-45FF-9878-4D005B0003C7}.Ad-Hoc|iPhone.Build.0 = Debug|Any CPU
		{6F9F5054-977F-45FF-9878-4D005B0003C7}.Ad-Hoc|iPhoneSimulator.ActiveCfg = Release|Any CPU
		{6F9F5054-977F-45FF-9878-4D005B0003C7}.Ad-Hoc|iPhoneSimulator.Build.0 = Release|Any CPU
		{6F9F5054-977F-45FF-9878-4D005B0003C7}.Ad-Hoc|Mixed Platforms.ActiveCfg = Debug|Any CPU
		{6F9F5054-977F-45FF-9878-4D005B0003C7}.Ad-Hoc|Mixed Platforms.Build.0 = Debug|Any CPU
		{6F9F5054-977F-45FF-9878-4D005B0003C7}.Ad-Hoc|x64.ActiveCfg = Debug|Any CPU
		{6F9F5054-977F-45FF-9878-4D005B0003C7}.Ad-Hoc|x86.ActiveCfg = Debug|Any CPU
		{6F9F5054-977F-45FF-9878-4D005B0003C7}.AppStore|Any CPU.ActiveCfg = Release|Any CPU
		{6F9F5054-977F-45FF-9878-4D005B0003C7}.AppStore|Any CPU.Build.0 = Release|Any CPU
		{6F9F5054-977F-45FF-9878-4D005B0003C7}.AppStore|ARM.ActiveCfg = Debug|Any CPU
		{6F9F5054-977F-45FF-9878-4D005B0003C7}.AppStore|iPhone.ActiveCfg = Debug|Any CPU
		{6F9F5054-977F-45FF-9878-4D005B0003C7}.AppStore|iPhone.Build.0 = Debug|Any CPU
		{6F9F5054-977F-45FF-9878-4D005B0003C7}.AppStore|iPhoneSimulator.ActiveCfg = Release|Any CPU
		{6F9F5054-977F-45FF-9878-4D005B0003C7}.AppStore|iPhoneSimulator.Build.0 = Release|Any CPU
		{6F9F5054-977F-45FF-9878-4D005B0003C7}.AppStore|Mixed Platforms.ActiveCfg = Debug|Any CPU
		{6F9F5054-977F-45FF-9878-4D005B0003C7}.AppStore|Mixed Platforms.Build.0 = Debug|Any CPU
		{6F9F5054-977F-45FF-9878-4D005B0003C7}.AppStore|x64.ActiveCfg = Debug|Any CPU
		{6F9F5054-977F-45FF-9878-4D005B0003C7}.AppStore|x86.ActiveCfg = Debug|Any CPU
		{6F9F5054-977F-45FF-9878-4D005B0003C7}.Debug|Any CPU.ActiveCfg = Debug|Any CPU
		{6F9F5054-977F-45FF-9878-4D005B0003C7}.Debug|Any CPU.Build.0 = Debug|Any CPU
		{6F9F5054-977F-45FF-9878-4D005B0003C7}.Debug|ARM.ActiveCfg = Debug|Any CPU
		{6F9F5054-977F-45FF-9878-4D005B0003C7}.Debug|iPhone.ActiveCfg = Debug|Any CPU
		{6F9F5054-977F-45FF-9878-4D005B0003C7}.Debug|iPhone.Build.0 = Debug|Any CPU
		{6F9F5054-977F-45FF-9878-4D005B0003C7}.Debug|iPhoneSimulator.ActiveCfg = Debug|Any CPU
		{6F9F5054-977F-45FF-9878-4D005B0003C7}.Debug|iPhoneSimulator.Build.0 = Debug|Any CPU
		{6F9F5054-977F-45FF-9878-4D005B0003C7}.Debug|Mixed Platforms.ActiveCfg = Debug|Any CPU
		{6F9F5054-977F-45FF-9878-4D005B0003C7}.Debug|Mixed Platforms.Build.0 = Debug|Any CPU
		{6F9F5054-977F-45FF-9878-4D005B0003C7}.Debug|x64.ActiveCfg = Debug|Any CPU
		{6F9F5054-977F-45FF-9878-4D005B0003C7}.Debug|x86.ActiveCfg = Debug|Any CPU
		{6F9F5054-977F-45FF-9878-4D005B0003C7}.Release|Any CPU.ActiveCfg = Release|Any CPU
		{6F9F5054-977F-45FF-9878-4D005B0003C7}.Release|Any CPU.Build.0 = Release|Any CPU
		{6F9F5054-977F-45FF-9878-4D005B0003C7}.Release|ARM.ActiveCfg = Release|Any CPU
		{6F9F5054-977F-45FF-9878-4D005B0003C7}.Release|iPhone.ActiveCfg = Release|Any CPU
		{6F9F5054-977F-45FF-9878-4D005B0003C7}.Release|iPhone.Build.0 = Release|Any CPU
		{6F9F5054-977F-45FF-9878-4D005B0003C7}.Release|iPhoneSimulator.ActiveCfg = Release|Any CPU
		{6F9F5054-977F-45FF-9878-4D005B0003C7}.Release|iPhoneSimulator.Build.0 = Release|Any CPU
		{6F9F5054-977F-45FF-9878-4D005B0003C7}.Release|Mixed Platforms.ActiveCfg = Release|Any CPU
		{6F9F5054-977F-45FF-9878-4D005B0003C7}.Release|Mixed Platforms.Build.0 = Release|Any CPU
		{6F9F5054-977F-45FF-9878-4D005B0003C7}.Release|x64.ActiveCfg = Release|Any CPU
		{6F9F5054-977F-45FF-9878-4D005B0003C7}.Release|x86.ActiveCfg = Release|Any CPU
		{70E8B392-9CCF-4592-A0A6-BB0A56A67E75}.Ad-Hoc|Any CPU.ActiveCfg = Release|Any CPU
		{70E8B392-9CCF-4592-A0A6-BB0A56A67E75}.Ad-Hoc|Any CPU.Build.0 = Release|Any CPU
		{70E8B392-9CCF-4592-A0A6-BB0A56A67E75}.Ad-Hoc|Any CPU.Deploy.0 = Release|Any CPU
		{70E8B392-9CCF-4592-A0A6-BB0A56A67E75}.Ad-Hoc|ARM.ActiveCfg = Debug|Any CPU
		{70E8B392-9CCF-4592-A0A6-BB0A56A67E75}.Ad-Hoc|iPhone.ActiveCfg = Debug|Any CPU
		{70E8B392-9CCF-4592-A0A6-BB0A56A67E75}.Ad-Hoc|iPhone.Build.0 = Debug|Any CPU
		{70E8B392-9CCF-4592-A0A6-BB0A56A67E75}.Ad-Hoc|iPhoneSimulator.ActiveCfg = Release|Any CPU
		{70E8B392-9CCF-4592-A0A6-BB0A56A67E75}.Ad-Hoc|iPhoneSimulator.Build.0 = Release|Any CPU
		{70E8B392-9CCF-4592-A0A6-BB0A56A67E75}.Ad-Hoc|Mixed Platforms.ActiveCfg = Debug|Any CPU
		{70E8B392-9CCF-4592-A0A6-BB0A56A67E75}.Ad-Hoc|Mixed Platforms.Build.0 = Debug|Any CPU
		{70E8B392-9CCF-4592-A0A6-BB0A56A67E75}.Ad-Hoc|Mixed Platforms.Deploy.0 = Debug|Any CPU
		{70E8B392-9CCF-4592-A0A6-BB0A56A67E75}.Ad-Hoc|x64.ActiveCfg = Debug|Any CPU
		{70E8B392-9CCF-4592-A0A6-BB0A56A67E75}.Ad-Hoc|x86.ActiveCfg = Debug|Any CPU
		{70E8B392-9CCF-4592-A0A6-BB0A56A67E75}.AppStore|Any CPU.ActiveCfg = Release|Any CPU
		{70E8B392-9CCF-4592-A0A6-BB0A56A67E75}.AppStore|Any CPU.Build.0 = Release|Any CPU
		{70E8B392-9CCF-4592-A0A6-BB0A56A67E75}.AppStore|Any CPU.Deploy.0 = Release|Any CPU
		{70E8B392-9CCF-4592-A0A6-BB0A56A67E75}.AppStore|ARM.ActiveCfg = Debug|Any CPU
		{70E8B392-9CCF-4592-A0A6-BB0A56A67E75}.AppStore|iPhone.ActiveCfg = Debug|Any CPU
		{70E8B392-9CCF-4592-A0A6-BB0A56A67E75}.AppStore|iPhone.Build.0 = Debug|Any CPU
		{70E8B392-9CCF-4592-A0A6-BB0A56A67E75}.AppStore|iPhoneSimulator.ActiveCfg = Release|Any CPU
		{70E8B392-9CCF-4592-A0A6-BB0A56A67E75}.AppStore|iPhoneSimulator.Build.0 = Release|Any CPU
		{70E8B392-9CCF-4592-A0A6-BB0A56A67E75}.AppStore|Mixed Platforms.ActiveCfg = Debug|Any CPU
		{70E8B392-9CCF-4592-A0A6-BB0A56A67E75}.AppStore|Mixed Platforms.Build.0 = Debug|Any CPU
		{70E8B392-9CCF-4592-A0A6-BB0A56A67E75}.AppStore|Mixed Platforms.Deploy.0 = Debug|Any CPU
		{70E8B392-9CCF-4592-A0A6-BB0A56A67E75}.AppStore|x64.ActiveCfg = Debug|Any CPU
		{70E8B392-9CCF-4592-A0A6-BB0A56A67E75}.AppStore|x86.ActiveCfg = Debug|Any CPU
		{70E8B392-9CCF-4592-A0A6-BB0A56A67E75}.Debug|Any CPU.ActiveCfg = Debug|Any CPU
		{70E8B392-9CCF-4592-A0A6-BB0A56A67E75}.Debug|Any CPU.Build.0 = Debug|Any CPU
		{70E8B392-9CCF-4592-A0A6-BB0A56A67E75}.Debug|ARM.ActiveCfg = Debug|Any CPU
		{70E8B392-9CCF-4592-A0A6-BB0A56A67E75}.Debug|iPhone.ActiveCfg = Debug|Any CPU
		{70E8B392-9CCF-4592-A0A6-BB0A56A67E75}.Debug|iPhone.Build.0 = Debug|Any CPU
		{70E8B392-9CCF-4592-A0A6-BB0A56A67E75}.Debug|iPhoneSimulator.ActiveCfg = Debug|Any CPU
		{70E8B392-9CCF-4592-A0A6-BB0A56A67E75}.Debug|iPhoneSimulator.Build.0 = Debug|Any CPU
		{70E8B392-9CCF-4592-A0A6-BB0A56A67E75}.Debug|Mixed Platforms.ActiveCfg = Debug|Any CPU
		{70E8B392-9CCF-4592-A0A6-BB0A56A67E75}.Debug|Mixed Platforms.Build.0 = Debug|Any CPU
		{70E8B392-9CCF-4592-A0A6-BB0A56A67E75}.Debug|Mixed Platforms.Deploy.0 = Debug|Any CPU
		{70E8B392-9CCF-4592-A0A6-BB0A56A67E75}.Debug|x64.ActiveCfg = Debug|Any CPU
		{70E8B392-9CCF-4592-A0A6-BB0A56A67E75}.Debug|x86.ActiveCfg = Debug|Any CPU
		{70E8B392-9CCF-4592-A0A6-BB0A56A67E75}.Release|Any CPU.ActiveCfg = Release|Any CPU
		{70E8B392-9CCF-4592-A0A6-BB0A56A67E75}.Release|Any CPU.Build.0 = Release|Any CPU
		{70E8B392-9CCF-4592-A0A6-BB0A56A67E75}.Release|ARM.ActiveCfg = Release|Any CPU
		{70E8B392-9CCF-4592-A0A6-BB0A56A67E75}.Release|iPhone.ActiveCfg = Release|Any CPU
		{70E8B392-9CCF-4592-A0A6-BB0A56A67E75}.Release|iPhone.Build.0 = Release|Any CPU
		{70E8B392-9CCF-4592-A0A6-BB0A56A67E75}.Release|iPhoneSimulator.ActiveCfg = Release|Any CPU
		{70E8B392-9CCF-4592-A0A6-BB0A56A67E75}.Release|iPhoneSimulator.Build.0 = Release|Any CPU
		{70E8B392-9CCF-4592-A0A6-BB0A56A67E75}.Release|Mixed Platforms.ActiveCfg = Release|Any CPU
		{70E8B392-9CCF-4592-A0A6-BB0A56A67E75}.Release|Mixed Platforms.Build.0 = Release|Any CPU
		{70E8B392-9CCF-4592-A0A6-BB0A56A67E75}.Release|Mixed Platforms.Deploy.0 = Release|Any CPU
		{70E8B392-9CCF-4592-A0A6-BB0A56A67E75}.Release|x64.ActiveCfg = Release|Any CPU
		{70E8B392-9CCF-4592-A0A6-BB0A56A67E75}.Release|x86.ActiveCfg = Release|Any CPU
		{E4FD0483-389C-4E2C-9488-BB3FBBC500A4}.Ad-Hoc|Any CPU.ActiveCfg = Release|Any CPU
		{E4FD0483-389C-4E2C-9488-BB3FBBC500A4}.Ad-Hoc|Any CPU.Build.0 = Release|Any CPU
		{E4FD0483-389C-4E2C-9488-BB3FBBC500A4}.Ad-Hoc|ARM.ActiveCfg = Debug|Any CPU
		{E4FD0483-389C-4E2C-9488-BB3FBBC500A4}.Ad-Hoc|iPhone.ActiveCfg = Debug|Any CPU
		{E4FD0483-389C-4E2C-9488-BB3FBBC500A4}.Ad-Hoc|iPhone.Build.0 = Debug|Any CPU
		{E4FD0483-389C-4E2C-9488-BB3FBBC500A4}.Ad-Hoc|iPhoneSimulator.ActiveCfg = Release|Any CPU
		{E4FD0483-389C-4E2C-9488-BB3FBBC500A4}.Ad-Hoc|iPhoneSimulator.Build.0 = Release|Any CPU
		{E4FD0483-389C-4E2C-9488-BB3FBBC500A4}.Ad-Hoc|Mixed Platforms.ActiveCfg = Debug|Any CPU
		{E4FD0483-389C-4E2C-9488-BB3FBBC500A4}.Ad-Hoc|Mixed Platforms.Build.0 = Debug|Any CPU
		{E4FD0483-389C-4E2C-9488-BB3FBBC500A4}.Ad-Hoc|x64.ActiveCfg = Debug|Any CPU
		{E4FD0483-389C-4E2C-9488-BB3FBBC500A4}.Ad-Hoc|x86.ActiveCfg = Debug|Any CPU
		{E4FD0483-389C-4E2C-9488-BB3FBBC500A4}.AppStore|Any CPU.ActiveCfg = Release|Any CPU
		{E4FD0483-389C-4E2C-9488-BB3FBBC500A4}.AppStore|Any CPU.Build.0 = Release|Any CPU
		{E4FD0483-389C-4E2C-9488-BB3FBBC500A4}.AppStore|ARM.ActiveCfg = Debug|Any CPU
		{E4FD0483-389C-4E2C-9488-BB3FBBC500A4}.AppStore|iPhone.ActiveCfg = Debug|Any CPU
		{E4FD0483-389C-4E2C-9488-BB3FBBC500A4}.AppStore|iPhone.Build.0 = Debug|Any CPU
		{E4FD0483-389C-4E2C-9488-BB3FBBC500A4}.AppStore|iPhoneSimulator.ActiveCfg = Release|Any CPU
		{E4FD0483-389C-4E2C-9488-BB3FBBC500A4}.AppStore|iPhoneSimulator.Build.0 = Release|Any CPU
		{E4FD0483-389C-4E2C-9488-BB3FBBC500A4}.AppStore|Mixed Platforms.ActiveCfg = Debug|Any CPU
		{E4FD0483-389C-4E2C-9488-BB3FBBC500A4}.AppStore|Mixed Platforms.Build.0 = Debug|Any CPU
		{E4FD0483-389C-4E2C-9488-BB3FBBC500A4}.AppStore|x64.ActiveCfg = Debug|Any CPU
		{E4FD0483-389C-4E2C-9488-BB3FBBC500A4}.AppStore|x86.ActiveCfg = Debug|Any CPU
		{E4FD0483-389C-4E2C-9488-BB3FBBC500A4}.Debug|Any CPU.ActiveCfg = Debug|Any CPU
		{E4FD0483-389C-4E2C-9488-BB3FBBC500A4}.Debug|Any CPU.Build.0 = Debug|Any CPU
		{E4FD0483-389C-4E2C-9488-BB3FBBC500A4}.Debug|ARM.ActiveCfg = Debug|Any CPU
		{E4FD0483-389C-4E2C-9488-BB3FBBC500A4}.Debug|iPhone.ActiveCfg = Debug|Any CPU
		{E4FD0483-389C-4E2C-9488-BB3FBBC500A4}.Debug|iPhone.Build.0 = Debug|Any CPU
		{E4FD0483-389C-4E2C-9488-BB3FBBC500A4}.Debug|iPhoneSimulator.ActiveCfg = Debug|Any CPU
		{E4FD0483-389C-4E2C-9488-BB3FBBC500A4}.Debug|iPhoneSimulator.Build.0 = Debug|Any CPU
		{E4FD0483-389C-4E2C-9488-BB3FBBC500A4}.Debug|Mixed Platforms.ActiveCfg = Debug|Any CPU
		{E4FD0483-389C-4E2C-9488-BB3FBBC500A4}.Debug|Mixed Platforms.Build.0 = Debug|Any CPU
		{E4FD0483-389C-4E2C-9488-BB3FBBC500A4}.Debug|x64.ActiveCfg = Debug|Any CPU
		{E4FD0483-389C-4E2C-9488-BB3FBBC500A4}.Debug|x86.ActiveCfg = Debug|Any CPU
		{E4FD0483-389C-4E2C-9488-BB3FBBC500A4}.Release|Any CPU.ActiveCfg = Release|Any CPU
		{E4FD0483-389C-4E2C-9488-BB3FBBC500A4}.Release|Any CPU.Build.0 = Release|Any CPU
		{E4FD0483-389C-4E2C-9488-BB3FBBC500A4}.Release|ARM.ActiveCfg = Release|Any CPU
		{E4FD0483-389C-4E2C-9488-BB3FBBC500A4}.Release|iPhone.ActiveCfg = Release|Any CPU
		{E4FD0483-389C-4E2C-9488-BB3FBBC500A4}.Release|iPhone.Build.0 = Release|Any CPU
		{E4FD0483-389C-4E2C-9488-BB3FBBC500A4}.Release|iPhoneSimulator.ActiveCfg = Release|Any CPU
		{E4FD0483-389C-4E2C-9488-BB3FBBC500A4}.Release|iPhoneSimulator.Build.0 = Release|Any CPU
		{E4FD0483-389C-4E2C-9488-BB3FBBC500A4}.Release|Mixed Platforms.ActiveCfg = Release|Any CPU
		{E4FD0483-389C-4E2C-9488-BB3FBBC500A4}.Release|Mixed Platforms.Build.0 = Release|Any CPU
		{E4FD0483-389C-4E2C-9488-BB3FBBC500A4}.Release|x64.ActiveCfg = Release|Any CPU
		{E4FD0483-389C-4E2C-9488-BB3FBBC500A4}.Release|x86.ActiveCfg = Release|Any CPU
	EndGlobalSection
	GlobalSection(NestedProjects) = preSolution
		{5C8D947E-9E47-45F6-835B-8D8DACDD3BFE} = {1EEF83FF-841C-4787-ABBB-78B7B7557AC6}
		{6F9F5054-977F-45FF-9878-4D005B0003C7} = {1EEF83FF-841C-4787-ABBB-78B7B7557AC6}
		{E4FD0483-389C-4E2C-9488-BB3FBBC500A4} = {1EEF83FF-841C-4787-ABBB-78B7B7557AC6}
	EndGlobalSection
	GlobalSection(MonoDevelopProperties) = preSolution
		StartupItem = Groceries.iOS\Groceries.iOS.csproj
	EndGlobalSection
	GlobalSection(SolutionProperties) = preSolution
		HideSolutionNode = FALSE
	EndGlobalSection
EndGlobal
