
Microsoft Visual Studio Solution File, Format Version 12.00
# Visual Studio 2012
Project("{FAE04EC0-301F-11D3-BF4B-00C04F79EFBC}") = "Groceries.Droid", "Groceries.Droid\Groceries.Droid.csproj", "{70E8B392-9CCF-4592-A0A6-BB0A56A67E75}"
EndProject
Project("{2150E333-8FDC-42A3-9474-1A3956D46DE8}") = "Core", "Core", "{1EEF83FF-841C-4787-ABBB-78B7B7557AC6}"
EndProject
Project("{D954291E-2A0B-460D-934E-DC6B0785DB48}") = "Groceries.Common.Shared", "Groceries.Common.Shared\Groceries.Common.Shared.shproj", "{CAF9C1C7-DD0A-4549-8F21-A4214FE7EB33}"
EndProject
Project("{FAE04EC0-301F-11D3-BF4B-00C04F79EFBC}") = "Groceries.Core.iOS", "Groceries.Core.iOS\Groceries.Core.iOS.csproj", "{C310E6B0-86D5-4DBF-B783-40685AD1EE8B}"
EndProject
Project("{FAE04EC0-301F-11D3-BF4B-00C04F79EFBC}") = "Groceries.Core.Droid", "Groceries.Core.Droid\Groceries.Core.Droid.csproj", "{9D77244F-2DD9-4847-AFCA-355BFB68A0F3}"
EndProject
Project("{FAE04EC0-301F-11D3-BF4B-00C04F79EFBC}") = "Groceries_iOS", "Groceries_iOS\Groceries_iOS.csproj", "{FB6B37E4-C55F-464D-9C73-39450DA9EB5E}"
EndProject
Global
	GlobalSection(SolutionConfigurationPlatforms) = preSolution
		Ad-Hoc|Any CPU = Ad-Hoc|Any CPU
		Ad-Hoc|ARM = Ad-Hoc|ARM
		Ad-Hoc|iPhone = Ad-Hoc|iPhone
		Ad-Hoc|iPhoneSimulator = Ad-Hoc|iPhoneSimulator
		Ad-Hoc|Mixed Platforms = Ad-Hoc|Mixed Platforms
		Ad-Hoc|x64 = Ad-Hoc|x64
		Ad-Hoc|x86 = Ad-Hoc|x86
		AppStore|Any CPU = AppStore|Any CPU
		AppStore|ARM = AppStore|ARM
		AppStore|iPhone = AppStore|iPhone
		AppStore|iPhoneSimulator = AppStore|iPhoneSimulator
		AppStore|Mixed Platforms = AppStore|Mixed Platforms
		AppStore|x64 = AppStore|x64
		AppStore|x86 = AppStore|x86
		Debug|Any CPU = Debug|Any CPU
		Debug|ARM = Debug|ARM
		Debug|iPhone = Debug|iPhone
		Debug|iPhoneSimulator = Debug|iPhoneSimulator
		Debug|Mixed Platforms = Debug|Mixed Platforms
		Debug|x64 = Debug|x64
		Debug|x86 = Debug|x86
		Release|Any CPU = Release|Any CPU
		Release|ARM = Release|ARM
		Release|iPhone = Release|iPhone
		Release|iPhoneSimulator = Release|iPhoneSimulator
		Release|Mixed Platforms = Release|Mixed Platforms
		Release|x64 = Release|x64
		Release|x86 = Release|x86
	EndGlobalSection
	GlobalSection(ProjectConfigurationPlatforms) = postSolution
		{70E8B392-9CCF-4592-A0A6-BB0A56A67E75}.Ad-Hoc|Any CPU.ActiveCfg = Release|Any CPU
		{70E8B392-9CCF-4592-A0A6-BB0A56A67E75}.Ad-Hoc|Any CPU.Build.0 = Release|Any CPU
		{70E8B392-9CCF-4592-A0A6-BB0A56A67E75}.Ad-Hoc|Any CPU.Deploy.0 = Release|Any CPU
		{70E8B392-9CCF-4592-A0A6-BB0A56A67E75}.Ad-Hoc|ARM.ActiveCfg = Debug|Any CPU
		{70E8B392-9CCF-4592-A0A6-BB0A56A67E75}.Ad-Hoc|iPhone.ActiveCfg = Debug|Any CPU
		{70E8B392-9CCF-4592-A0A6-BB0A56A67E75}.Ad-Hoc|iPhone.Build.0 = Debug|Any CPU
		{70E8B392-9CCF-4592-A0A6-BB0A56A67E75}.Ad-Hoc|iPhoneSimulator.ActiveCfg = Release|Any CPU
		{70E8B392-9CCF-4592-A0A6-BB0A56A67E75}.Ad-Hoc|iPhoneSimulator.Build.0 = Release|Any CPU
		{70E8B392-9CCF-4592-A0A6-BB0A56A67E75}.Ad-Hoc|Mixed Platforms.ActiveCfg = Debug|Any CPU
		{70E8B392-9CCF-4592-A0A6-BB0A56A67E75}.Ad-Hoc|Mixed Platforms.Build.0 = Debug|Any CPU
		{70E8B392-9CCF-4592-A0A6-BB0A56A67E75}.Ad-Hoc|Mixed Platforms.Deploy.0 = Debug|Any CPU
		{70E8B392-9CCF-4592-A0A6-BB0A56A67E75}.Ad-Hoc|x64.ActiveCfg = Debug|Any CPU
		{70E8B392-9CCF-4592-A0A6-BB0A56A67E75}.Ad-Hoc|x86.ActiveCfg = Debug|Any CPU
		{70E8B392-9CCF-4592-A0A6-BB0A56A67E75}.AppStore|Any CPU.ActiveCfg = Release|Any CPU
		{70E8B392-9CCF-4592-A0A6-BB0A56A67E75}.AppStore|Any CPU.Build.0 = Release|Any CPU
		{70E8B392-9CCF-4592-A0A6-BB0A56A67E75}.AppStore|Any CPU.Deploy.0 = Release|Any CPU
		{70E8B392-9CCF-4592-A0A6-BB0A56A67E75}.AppStore|ARM.ActiveCfg = Debug|Any CPU
		{70E8B392-9CCF-4592-A0A6-BB0A56A67E75}.AppStore|iPhone.ActiveCfg = Debug|Any CPU
		{70E8B392-9CCF-4592-A0A6-BB0A56A67E75}.AppStore|iPhone.Build.0 = Debug|Any CPU
		{70E8B392-9CCF-4592-A0A6-BB0A56A67E75}.AppStore|iPhoneSimulator.ActiveCfg = Release|Any CPU
		{70E8B392-9CCF-4592-A0A6-BB0A56A67E75}.AppStore|iPhoneSimulator.Build.0 = Release|Any CPU
		{70E8B392-9CCF-4592-A0A6-BB0A56A67E75}.AppStore|Mixed Platforms.ActiveCfg = Debug|Any CPU
		{70E8B392-9CCF-4592-A0A6-BB0A56A67E75}.AppStore|Mixed Platforms.Build.0 = Debug|Any CPU
		{70E8B392-9CCF-4592-A0A6-BB0A56A67E75}.AppStore|Mixed Platforms.Deploy.0 = Debug|Any CPU
		{70E8B392-9CCF-4592-A0A6-BB0A56A67E75}.AppStore|x64.ActiveCfg = Debug|Any CPU
		{70E8B392-9CCF-4592-A0A6-BB0A56A67E75}.AppStore|x86.ActiveCfg = Debug|Any CPU
		{70E8B392-9CCF-4592-A0A6-BB0A56A67E75}.Debug|Any CPU.ActiveCfg = Debug|Any CPU
		{70E8B392-9CCF-4592-A0A6-BB0A56A67E75}.Debug|Any CPU.Build.0 = Debug|Any CPU
		{70E8B392-9CCF-4592-A0A6-BB0A56A67E75}.Debug|ARM.ActiveCfg = Debug|Any CPU
		{70E8B392-9CCF-4592-A0A6-BB0A56A67E75}.Debug|iPhone.ActiveCfg = Debug|Any CPU
		{70E8B392-9CCF-4592-A0A6-BB0A56A67E75}.Debug|iPhone.Build.0 = Debug|Any CPU
		{70E8B392-9CCF-4592-A0A6-BB0A56A67E75}.Debug|iPhoneSimulator.ActiveCfg = Debug|Any CPU
		{70E8B392-9CCF-4592-A0A6-BB0A56A67E75}.Debug|iPhoneSimulator.Build.0 = Debug|Any CPU
		{70E8B392-9CCF-4592-A0A6-BB0A56A67E75}.Debug|Mixed Platforms.ActiveCfg = Debug|Any CPU
		{70E8B392-9CCF-4592-A0A6-BB0A56A67E75}.Debug|Mixed Platforms.Build.0 = Debug|Any CPU
		{70E8B392-9CCF-4592-A0A6-BB0A56A67E75}.Debug|Mixed Platforms.Deploy.0 = Debug|Any CPU
		{70E8B392-9CCF-4592-A0A6-BB0A56A67E75}.Debug|x64.ActiveCfg = Debug|Any CPU
		{70E8B392-9CCF-4592-A0A6-BB0A56A67E75}.Debug|x86.ActiveCfg = Debug|Any CPU
		{70E8B392-9CCF-4592-A0A6-BB0A56A67E75}.Release|Any CPU.ActiveCfg = Release|Any CPU
		{70E8B392-9CCF-4592-A0A6-BB0A56A67E75}.Release|Any CPU.Build.0 = Release|Any CPU
		{70E8B392-9CCF-4592-A0A6-BB0A56A67E75}.Release|ARM.ActiveCfg = Release|Any CPU
		{70E8B392-9CCF-4592-A0A6-BB0A56A67E75}.Release|iPhone.ActiveCfg = Release|Any CPU
		{70E8B392-9CCF-4592-A0A6-BB0A56A67E75}.Release|iPhone.Build.0 = Release|Any CPU
		{70E8B392-9CCF-4592-A0A6-BB0A56A67E75}.Release|iPhoneSimulator.ActiveCfg = Release|Any CPU
		{70E8B392-9CCF-4592-A0A6-BB0A56A67E75}.Release|iPhoneSimulator.Build.0 = Release|Any CPU
		{70E8B392-9CCF-4592-A0A6-BB0A56A67E75}.Release|Mixed Platforms.ActiveCfg = Release|Any CPU
		{70E8B392-9CCF-4592-A0A6-BB0A56A67E75}.Release|Mixed Platforms.Build.0 = Release|Any CPU
		{70E8B392-9CCF-4592-A0A6-BB0A56A67E75}.Release|Mixed Platforms.Deploy.0 = Release|Any CPU
		{70E8B392-9CCF-4592-A0A6-BB0A56A67E75}.Release|x64.ActiveCfg = Release|Any CPU
		{70E8B392-9CCF-4592-A0A6-BB0A56A67E75}.Release|x86.ActiveCfg = Release|Any CPU
		{9D77244F-2DD9-4847-AFCA-355BFB68A0F3}.Ad-Hoc|Any CPU.ActiveCfg = Release|Any CPU
		{9D77244F-2DD9-4847-AFCA-355BFB68A0F3}.Ad-Hoc|Any CPU.Build.0 = Release|Any CPU
		{9D77244F-2DD9-4847-AFCA-355BFB68A0F3}.Ad-Hoc|ARM.ActiveCfg = Release|Any CPU
		{9D77244F-2DD9-4847-AFCA-355BFB68A0F3}.Ad-Hoc|ARM.Build.0 = Release|Any CPU
		{9D77244F-2DD9-4847-AFCA-355BFB68A0F3}.Ad-Hoc|iPhone.ActiveCfg = Release|Any CPU
		{9D77244F-2DD9-4847-AFCA-355BFB68A0F3}.Ad-Hoc|iPhone.Build.0 = Release|Any CPU
		{9D77244F-2DD9-4847-AFCA-355BFB68A0F3}.Ad-Hoc|iPhoneSimulator.ActiveCfg = Debug|Any CPU
		{9D77244F-2DD9-4847-AFCA-355BFB68A0F3}.Ad-Hoc|iPhoneSimulator.Build.0 = Debug|Any CPU
		{9D77244F-2DD9-4847-AFCA-355BFB68A0F3}.Ad-Hoc|Mixed Platforms.ActiveCfg = Release|Any CPU
		{9D77244F-2DD9-4847-AFCA-355BFB68A0F3}.Ad-Hoc|Mixed Platforms.Build.0 = Release|Any CPU
		{9D77244F-2DD9-4847-AFCA-355BFB68A0F3}.Ad-Hoc|x64.ActiveCfg = Release|Any CPU
		{9D77244F-2DD9-4847-AFCA-355BFB68A0F3}.Ad-Hoc|x64.Build.0 = Release|Any CPU
		{9D77244F-2DD9-4847-AFCA-355BFB68A0F3}.Ad-Hoc|x86.ActiveCfg = Release|Any CPU
		{9D77244F-2DD9-4847-AFCA-355BFB68A0F3}.Ad-Hoc|x86.Build.0 = Release|Any CPU
		{9D77244F-2DD9-4847-AFCA-355BFB68A0F3}.AppStore|Any CPU.ActiveCfg = Release|Any CPU
		{9D77244F-2DD9-4847-AFCA-355BFB68A0F3}.AppStore|Any CPU.Build.0 = Release|Any CPU
		{9D77244F-2DD9-4847-AFCA-355BFB68A0F3}.AppStore|ARM.ActiveCfg = Release|Any CPU
		{9D77244F-2DD9-4847-AFCA-355BFB68A0F3}.AppStore|ARM.Build.0 = Release|Any CPU
		{9D77244F-2DD9-4847-AFCA-355BFB68A0F3}.AppStore|iPhone.ActiveCfg = Release|Any CPU
		{9D77244F-2DD9-4847-AFCA-355BFB68A0F3}.AppStore|iPhone.Build.0 = Release|Any CPU
		{9D77244F-2DD9-4847-AFCA-355BFB68A0F3}.AppStore|iPhoneSimulator.ActiveCfg = Debug|Any CPU
		{9D77244F-2DD9-4847-AFCA-355BFB68A0F3}.AppStore|iPhoneSimulator.Build.0 = Debug|Any CPU
		{9D77244F-2DD9-4847-AFCA-355BFB68A0F3}.AppStore|Mixed Platforms.ActiveCfg = Release|Any CPU
		{9D77244F-2DD9-4847-AFCA-355BFB68A0F3}.AppStore|Mixed Platforms.Build.0 = Release|Any CPU
		{9D77244F-2DD9-4847-AFCA-355BFB68A0F3}.AppStore|x64.ActiveCfg = Release|Any CPU
		{9D77244F-2DD9-4847-AFCA-355BFB68A0F3}.AppStore|x64.Build.0 = Release|Any CPU
		{9D77244F-2DD9-4847-AFCA-355BFB68A0F3}.AppStore|x86.ActiveCfg = Release|Any CPU
		{9D77244F-2DD9-4847-AFCA-355BFB68A0F3}.AppStore|x86.Build.0 = Release|Any CPU
		{9D77244F-2DD9-4847-AFCA-355BFB68A0F3}.Debug|Any CPU.ActiveCfg = Debug|Any CPU
		{9D77244F-2DD9-4847-AFCA-355BFB68A0F3}.Debug|Any CPU.Build.0 = Debug|Any CPU
		{9D77244F-2DD9-4847-AFCA-355BFB68A0F3}.Debug|ARM.ActiveCfg = Debug|Any CPU
		{9D77244F-2DD9-4847-AFCA-355BFB68A0F3}.Debug|ARM.Build.0 = Debug|Any CPU
		{9D77244F-2DD9-4847-AFCA-355BFB68A0F3}.Debug|iPhone.ActiveCfg = Debug|Any CPU
		{9D77244F-2DD9-4847-AFCA-355BFB68A0F3}.Debug|iPhone.Build.0 = Debug|Any CPU
		{9D77244F-2DD9-4847-AFCA-355BFB68A0F3}.Debug|iPhoneSimulator.ActiveCfg = Debug|Any CPU
		{9D77244F-2DD9-4847-AFCA-355BFB68A0F3}.Debug|iPhoneSimulator.Build.0 = Debug|Any CPU
		{9D77244F-2DD9-4847-AFCA-355BFB68A0F3}.Debug|Mixed Platforms.ActiveCfg = Debug|Any CPU
		{9D77244F-2DD9-4847-AFCA-355BFB68A0F3}.Debug|Mixed Platforms.Build.0 = Debug|Any CPU
		{9D77244F-2DD9-4847-AFCA-355BFB68A0F3}.Debug|x64.ActiveCfg = Debug|Any CPU
		{9D77244F-2DD9-4847-AFCA-355BFB68A0F3}.Debug|x64.Build.0 = Debug|Any CPU
		{9D77244F-2DD9-4847-AFCA-355BFB68A0F3}.Debug|x86.ActiveCfg = Debug|Any CPU
		{9D77244F-2DD9-4847-AFCA-355BFB68A0F3}.Debug|x86.Build.0 = Debug|Any CPU
		{9D77244F-2DD9-4847-AFCA-355BFB68A0F3}.Release|Any CPU.ActiveCfg = Release|Any CPU
		{9D77244F-2DD9-4847-AFCA-355BFB68A0F3}.Release|Any CPU.Build.0 = Release|Any CPU
		{9D77244F-2DD9-4847-AFCA-355BFB68A0F3}.Release|ARM.ActiveCfg = Release|Any CPU
		{9D77244F-2DD9-4847-AFCA-355BFB68A0F3}.Release|ARM.Build.0 = Release|Any CPU
		{9D77244F-2DD9-4847-AFCA-355BFB68A0F3}.Release|iPhone.ActiveCfg = Release|Any CPU
		{9D77244F-2DD9-4847-AFCA-355BFB68A0F3}.Release|iPhone.Build.0 = Release|Any CPU
		{9D77244F-2DD9-4847-AFCA-355BFB68A0F3}.Release|iPhoneSimulator.ActiveCfg = Release|Any CPU
		{9D77244F-2DD9-4847-AFCA-355BFB68A0F3}.Release|iPhoneSimulator.Build.0 = Release|Any CPU
		{9D77244F-2DD9-4847-AFCA-355BFB68A0F3}.Release|Mixed Platforms.ActiveCfg = Release|Any CPU
		{9D77244F-2DD9-4847-AFCA-355BFB68A0F3}.Release|Mixed Platforms.Build.0 = Release|Any CPU
		{9D77244F-2DD9-4847-AFCA-355BFB68A0F3}.Release|x64.ActiveCfg = Release|Any CPU
		{9D77244F-2DD9-4847-AFCA-355BFB68A0F3}.Release|x64.Build.0 = Release|Any CPU
		{9D77244F-2DD9-4847-AFCA-355BFB68A0F3}.Release|x86.ActiveCfg = Release|Any CPU
		{9D77244F-2DD9-4847-AFCA-355BFB68A0F3}.Release|x86.Build.0 = Release|Any CPU
		{C310E6B0-86D5-4DBF-B783-40685AD1EE8B}.Ad-Hoc|Any CPU.ActiveCfg = Release|Any CPU
		{C310E6B0-86D5-4DBF-B783-40685AD1EE8B}.Ad-Hoc|Any CPU.Build.0 = Release|Any CPU
		{C310E6B0-86D5-4DBF-B783-40685AD1EE8B}.Ad-Hoc|ARM.ActiveCfg = Release|Any CPU
		{C310E6B0-86D5-4DBF-B783-40685AD1EE8B}.Ad-Hoc|ARM.Build.0 = Release|Any CPU
		{C310E6B0-86D5-4DBF-B783-40685AD1EE8B}.Ad-Hoc|iPhone.ActiveCfg = Release|Any CPU
		{C310E6B0-86D5-4DBF-B783-40685AD1EE8B}.Ad-Hoc|iPhone.Build.0 = Release|Any CPU
		{C310E6B0-86D5-4DBF-B783-40685AD1EE8B}.Ad-Hoc|iPhoneSimulator.ActiveCfg = Debug|Any CPU
		{C310E6B0-86D5-4DBF-B783-40685AD1EE8B}.Ad-Hoc|iPhoneSimulator.Build.0 = Debug|Any CPU
		{C310E6B0-86D5-4DBF-B783-40685AD1EE8B}.Ad-Hoc|Mixed Platforms.ActiveCfg = Release|Any CPU
		{C310E6B0-86D5-4DBF-B783-40685AD1EE8B}.Ad-Hoc|Mixed Platforms.Build.0 = Release|Any CPU
		{C310E6B0-86D5-4DBF-B783-40685AD1EE8B}.Ad-Hoc|x64.ActiveCfg = Release|Any CPU
		{C310E6B0-86D5-4DBF-B783-40685AD1EE8B}.Ad-Hoc|x64.Build.0 = Release|Any CPU
		{C310E6B0-86D5-4DBF-B783-40685AD1EE8B}.Ad-Hoc|x86.ActiveCfg = Release|Any CPU
		{C310E6B0-86D5-4DBF-B783-40685AD1EE8B}.Ad-Hoc|x86.Build.0 = Release|Any CPU
		{C310E6B0-86D5-4DBF-B783-40685AD1EE8B}.AppStore|Any CPU.ActiveCfg = Release|Any CPU
		{C310E6B0-86D5-4DBF-B783-40685AD1EE8B}.AppStore|Any CPU.Build.0 = Release|Any CPU
		{C310E6B0-86D5-4DBF-B783-40685AD1EE8B}.AppStore|ARM.ActiveCfg = Release|Any CPU
		{C310E6B0-86D5-4DBF-B783-40685AD1EE8B}.AppStore|ARM.Build.0 = Release|Any CPU
		{C310E6B0-86D5-4DBF-B783-40685AD1EE8B}.AppStore|iPhone.ActiveCfg = Release|Any CPU
		{C310E6B0-86D5-4DBF-B783-40685AD1EE8B}.AppStore|iPhone.Build.0 = Release|Any CPU
		{C310E6B0-86D5-4DBF-B783-40685AD1EE8B}.AppStore|iPhoneSimulator.ActiveCfg = Debug|Any CPU
		{C310E6B0-86D5-4DBF-B783-40685AD1EE8B}.AppStore|iPhoneSimulator.Build.0 = Debug|Any CPU
		{C310E6B0-86D5-4DBF-B783-40685AD1EE8B}.AppStore|Mixed Platforms.ActiveCfg = Release|Any CPU
		{C310E6B0-86D5-4DBF-B783-40685AD1EE8B}.AppStore|Mixed Platforms.Build.0 = Release|Any CPU
		{C310E6B0-86D5-4DBF-B783-40685AD1EE8B}.AppStore|x64.ActiveCfg = Release|Any CPU
		{C310E6B0-86D5-4DBF-B783-40685AD1EE8B}.AppStore|x64.Build.0 = Release|Any CPU
		{C310E6B0-86D5-4DBF-B783-40685AD1EE8B}.AppStore|x86.ActiveCfg = Release|Any CPU
		{C310E6B0-86D5-4DBF-B783-40685AD1EE8B}.AppStore|x86.Build.0 = Release|Any CPU
		{C310E6B0-86D5-4DBF-B783-40685AD1EE8B}.Debug|Any CPU.ActiveCfg = Debug|Any CPU
		{C310E6B0-86D5-4DBF-B783-40685AD1EE8B}.Debug|Any CPU.Build.0 = Debug|Any CPU
		{C310E6B0-86D5-4DBF-B783-40685AD1EE8B}.Debug|ARM.ActiveCfg = Debug|Any CPU
		{C310E6B0-86D5-4DBF-B783-40685AD1EE8B}.Debug|ARM.Build.0 = Debug|Any CPU
		{C310E6B0-86D5-4DBF-B783-40685AD1EE8B}.Debug|iPhone.ActiveCfg = Debug|Any CPU
		{C310E6B0-86D5-4DBF-B783-40685AD1EE8B}.Debug|iPhone.Build.0 = Debug|Any CPU
		{C310E6B0-86D5-4DBF-B783-40685AD1EE8B}.Debug|iPhoneSimulator.ActiveCfg = Debug|Any CPU
		{C310E6B0-86D5-4DBF-B783-40685AD1EE8B}.Debug|iPhoneSimulator.Build.0 = Debug|Any CPU
		{C310E6B0-86D5-4DBF-B783-40685AD1EE8B}.Debug|Mixed Platforms.ActiveCfg = Debug|Any CPU
		{C310E6B0-86D5-4DBF-B783-40685AD1EE8B}.Debug|Mixed Platforms.Build.0 = Debug|Any CPU
		{C310E6B0-86D5-4DBF-B783-40685AD1EE8B}.Debug|x64.ActiveCfg = Debug|Any CPU
		{C310E6B0-86D5-4DBF-B783-40685AD1EE8B}.Debug|x64.Build.0 = Debug|Any CPU
		{C310E6B0-86D5-4DBF-B783-40685AD1EE8B}.Debug|x86.ActiveCfg = Debug|Any CPU
		{C310E6B0-86D5-4DBF-B783-40685AD1EE8B}.Debug|x86.Build.0 = Debug|Any CPU
		{C310E6B0-86D5-4DBF-B783-40685AD1EE8B}.Release|Any CPU.ActiveCfg = Release|Any CPU
		{C310E6B0-86D5-4DBF-B783-40685AD1EE8B}.Release|Any CPU.Build.0 = Release|Any CPU
		{C310E6B0-86D5-4DBF-B783-40685AD1EE8B}.Release|ARM.ActiveCfg = Release|Any CPU
		{C310E6B0-86D5-4DBF-B783-40685AD1EE8B}.Release|ARM.Build.0 = Release|Any CPU
		{C310E6B0-86D5-4DBF-B783-40685AD1EE8B}.Release|iPhone.ActiveCfg = Release|Any CPU
		{C310E6B0-86D5-4DBF-B783-40685AD1EE8B}.Release|iPhone.Build.0 = Release|Any CPU
		{C310E6B0-86D5-4DBF-B783-40685AD1EE8B}.Release|iPhoneSimulator.ActiveCfg = Release|Any CPU
		{C310E6B0-86D5-4DBF-B783-40685AD1EE8B}.Release|iPhoneSimulator.Build.0 = Release|Any CPU
		{C310E6B0-86D5-4DBF-B783-40685AD1EE8B}.Release|Mixed Platforms.ActiveCfg = Release|Any CPU
		{C310E6B0-86D5-4DBF-B783-40685AD1EE8B}.Release|Mixed Platforms.Build.0 = Release|Any CPU
		{C310E6B0-86D5-4DBF-B783-40685AD1EE8B}.Release|x64.ActiveCfg = Release|Any CPU
		{C310E6B0-86D5-4DBF-B783-40685AD1EE8B}.Release|x64.Build.0 = Release|Any CPU
		{C310E6B0-86D5-4DBF-B783-40685AD1EE8B}.Release|x86.ActiveCfg = Release|Any CPU
		{C310E6B0-86D5-4DBF-B783-40685AD1EE8B}.Release|x86.Build.0 = Release|Any CPU
		{FB6B37E4-C55F-464D-9C73-39450DA9EB5E}.Ad-Hoc|Any CPU.ActiveCfg = Ad-Hoc|iPhone
		{FB6B37E4-C55F-464D-9C73-39450DA9EB5E}.Ad-Hoc|Any CPU.Build.0 = Ad-Hoc|iPhone
		{FB6B37E4-C55F-464D-9C73-39450DA9EB5E}.Ad-Hoc|ARM.ActiveCfg = Ad-Hoc|iPhone
		{FB6B37E4-C55F-464D-9C73-39450DA9EB5E}.Ad-Hoc|ARM.Build.0 = Ad-Hoc|iPhone
		{FB6B37E4-C55F-464D-9C73-39450DA9EB5E}.Ad-Hoc|iPhone.ActiveCfg = Ad-Hoc|iPhone
		{FB6B37E4-C55F-464D-9C73-39450DA9EB5E}.Ad-Hoc|iPhone.Build.0 = Ad-Hoc|iPhone
		{FB6B37E4-C55F-464D-9C73-39450DA9EB5E}.Ad-Hoc|iPhoneSimulator.ActiveCfg = Debug|iPhoneSimulator
		{FB6B37E4-C55F-464D-9C73-39450DA9EB5E}.Ad-Hoc|iPhoneSimulator.Build.0 = Debug|iPhoneSimulator
		{FB6B37E4-C55F-464D-9C73-39450DA9EB5E}.Ad-Hoc|Mixed Platforms.ActiveCfg = Ad-Hoc|iPhone
		{FB6B37E4-C55F-464D-9C73-39450DA9EB5E}.Ad-Hoc|Mixed Platforms.Build.0 = Ad-Hoc|iPhone
		{FB6B37E4-C55F-464D-9C73-39450DA9EB5E}.Ad-Hoc|x64.ActiveCfg = Ad-Hoc|iPhone
		{FB6B37E4-C55F-464D-9C73-39450DA9EB5E}.Ad-Hoc|x64.Build.0 = Ad-Hoc|iPhone
		{FB6B37E4-C55F-464D-9C73-39450DA9EB5E}.Ad-Hoc|x86.ActiveCfg = Ad-Hoc|iPhone
		{FB6B37E4-C55F-464D-9C73-39450DA9EB5E}.Ad-Hoc|x86.Build.0 = Ad-Hoc|iPhone
		{FB6B37E4-C55F-464D-9C73-39450DA9EB5E}.AppStore|Any CPU.ActiveCfg = AppStore|iPhone
		{FB6B37E4-C55F-464D-9C73-39450DA9EB5E}.AppStore|Any CPU.Build.0 = AppStore|iPhone
		{FB6B37E4-C55F-464D-9C73-39450DA9EB5E}.AppStore|ARM.ActiveCfg = Ad-Hoc|iPhone
		{FB6B37E4-C55F-464D-9C73-39450DA9EB5E}.AppStore|ARM.Build.0 = Ad-Hoc|iPhone
		{FB6B37E4-C55F-464D-9C73-39450DA9EB5E}.AppStore|iPhone.ActiveCfg = AppStore|iPhone
		{FB6B37E4-C55F-464D-9C73-39450DA9EB5E}.AppStore|iPhone.Build.0 = AppStore|iPhone
		{FB6B37E4-C55F-464D-9C73-39450DA9EB5E}.AppStore|iPhoneSimulator.ActiveCfg = Debug|iPhoneSimulator
		{FB6B37E4-C55F-464D-9C73-39450DA9EB5E}.AppStore|iPhoneSimulator.Build.0 = Debug|iPhoneSimulator
		{FB6B37E4-C55F-464D-9C73-39450DA9EB5E}.AppStore|Mixed Platforms.ActiveCfg = Ad-Hoc|iPhone
		{FB6B37E4-C55F-464D-9C73-39450DA9EB5E}.AppStore|Mixed Platforms.Build.0 = Ad-Hoc|iPhone
		{FB6B37E4-C55F-464D-9C73-39450DA9EB5E}.AppStore|x64.ActiveCfg = Ad-Hoc|iPhone
		{FB6B37E4-C55F-464D-9C73-39450DA9EB5E}.AppStore|x64.Build.0 = Ad-Hoc|iPhone
		{FB6B37E4-C55F-464D-9C73-39450DA9EB5E}.AppStore|x86.ActiveCfg = Ad-Hoc|iPhone
		{FB6B37E4-C55F-464D-9C73-39450DA9EB5E}.AppStore|x86.Build.0 = Ad-Hoc|iPhone
		{FB6B37E4-C55F-464D-9C73-39450DA9EB5E}.Debug|Any CPU.ActiveCfg = Debug|iPhoneSimulator
		{FB6B37E4-C55F-464D-9C73-39450DA9EB5E}.Debug|Any CPU.Build.0 = Debug|iPhoneSimulator
		{FB6B37E4-C55F-464D-9C73-39450DA9EB5E}.Debug|ARM.ActiveCfg = Debug|iPhone
		{FB6B37E4-C55F-464D-9C73-39450DA9EB5E}.Debug|ARM.Build.0 = Debug|iPhone
		{FB6B37E4-C55F-464D-9C73-39450DA9EB5E}.Debug|iPhone.ActiveCfg = Debug|iPhone
		{FB6B37E4-C55F-464D-9C73-39450DA9EB5E}.Debug|iPhone.Build.0 = Debug|iPhone
		{FB6B37E4-C55F-464D-9C73-39450DA9EB5E}.Debug|iPhoneSimulator.ActiveCfg = Debug|iPhoneSimulator
		{FB6B37E4-C55F-464D-9C73-39450DA9EB5E}.Debug|iPhoneSimulator.Build.0 = Debug|iPhoneSimulator
		{FB6B37E4-C55F-464D-9C73-39450DA9EB5E}.Debug|Mixed Platforms.ActiveCfg = Debug|iPhone
		{FB6B37E4-C55F-464D-9C73-39450DA9EB5E}.Debug|Mixed Platforms.Build.0 = Debug|iPhone
		{FB6B37E4-C55F-464D-9C73-39450DA9EB5E}.Debug|x64.ActiveCfg = Debug|iPhone
		{FB6B37E4-C55F-464D-9C73-39450DA9EB5E}.Debug|x64.Build.0 = Debug|iPhone
		{FB6B37E4-C55F-464D-9C73-39450DA9EB5E}.Debug|x86.ActiveCfg = Debug|iPhone
		{FB6B37E4-C55F-464D-9C73-39450DA9EB5E}.Debug|x86.Build.0 = Debug|iPhone
		{FB6B37E4-C55F-464D-9C73-39450DA9EB5E}.Release|Any CPU.ActiveCfg = Release|iPhoneSimulator
		{FB6B37E4-C55F-464D-9C73-39450DA9EB5E}.Release|Any CPU.Build.0 = Release|iPhoneSimulator
		{FB6B37E4-C55F-464D-9C73-39450DA9EB5E}.Release|ARM.ActiveCfg = Release|iPhone
		{FB6B37E4-C55F-464D-9C73-39450DA9EB5E}.Release|ARM.Build.0 = Release|iPhone
		{FB6B37E4-C55F-464D-9C73-39450DA9EB5E}.Release|iPhone.ActiveCfg = Release|iPhone
		{FB6B37E4-C55F-464D-9C73-39450DA9EB5E}.Release|iPhone.Build.0 = Release|iPhone
		{FB6B37E4-C55F-464D-9C73-39450DA9EB5E}.Release|iPhoneSimulator.ActiveCfg = Release|iPhoneSimulator
		{FB6B37E4-C55F-464D-9C73-39450DA9EB5E}.Release|iPhoneSimulator.Build.0 = Release|iPhoneSimulator
		{FB6B37E4-C55F-464D-9C73-39450DA9EB5E}.Release|Mixed Platforms.ActiveCfg = Release|iPhone
		{FB6B37E4-C55F-464D-9C73-39450DA9EB5E}.Release|Mixed Platforms.Build.0 = Release|iPhone
		{FB6B37E4-C55F-464D-9C73-39450DA9EB5E}.Release|x64.ActiveCfg = Release|iPhone
		{FB6B37E4-C55F-464D-9C73-39450DA9EB5E}.Release|x64.Build.0 = Release|iPhone
		{FB6B37E4-C55F-464D-9C73-39450DA9EB5E}.Release|x86.ActiveCfg = Release|iPhone
		{FB6B37E4-C55F-464D-9C73-39450DA9EB5E}.Release|x86.Build.0 = Release|iPhone
	EndGlobalSection
	GlobalSection(NestedProjects) = preSolution
		{CAF9C1C7-DD0A-4549-8F21-A4214FE7EB33} = {1EEF83FF-841C-4787-ABBB-78B7B7557AC6}
		{C310E6B0-86D5-4DBF-B783-40685AD1EE8B} = {1EEF83FF-841C-4787-ABBB-78B7B7557AC6}
		{9D77244F-2DD9-4847-AFCA-355BFB68A0F3} = {1EEF83FF-841C-4787-ABBB-78B7B7557AC6}
	EndGlobalSection
	GlobalSection(MonoDevelopProperties) = preSolution
		StartupItem = Groceries.Droid\Groceries.Droid.csproj
	EndGlobalSection
	GlobalSection(SolutionProperties) = preSolution
		HideSolutionNode = FALSE
	EndGlobalSection
EndGlobal
